
Microsoft Visual Studio Solution File, Format Version 12.00
# Visual Studio Version 16
VisualStudioVersion = 16.0.31019.35
MinimumVisualStudioVersion = 10.0.40219.1
Project("{FAE04EC0-301F-11D3-BF4B-00C04F79EFBC}") = "CafeConsole1", "ConsoleApp1\CafeConsole1.csproj", "{CDB001E9-8E97-41AF-B3A4-D544D7464D3B}"
EndProject
Project("{FAE04EC0-301F-11D3-BF4B-00C04F79EFBC}") = "CafeTests", "CafeTests\CafeTests.csproj", "{8739D518-1445-40EF-AB1C-2A8FE562018A}"
EndProject
Project("{FAE04EC0-301F-11D3-BF4B-00C04F79EFBC}") = "CafeLibrary", "CafeLibrary\CafeLibrary.csproj", "{B3248BBB-53DF-42B0-801F-B827A7072C4E}"
EndProject
Project("{2150E333-8FDC-42A3-9474-1A3956D46DE8}") = "1 Cafe", "1 Cafe", "{F848517D-8923-46EF-ABBD-F0FB0E8AC1E4}"
EndProject
Project("{FAE04EC0-301F-11D3-BF4B-00C04F79EFBC}") = "ClaimsTests", "ClaimsTests\ClaimsTests.csproj", "{CFEEC19F-6413-4FC7-9122-396BB8250717}"
EndProject
Project("{FAE04EC0-301F-11D3-BF4B-00C04F79EFBC}") = "ClaimsLibrary", "ClaimsLibrary\ClaimsLibrary.csproj", "{E7B421AF-27CB-45EB-B0C8-386DF5E2D2CC}"
EndProject
Project("{FAE04EC0-301F-11D3-BF4B-00C04F79EFBC}") = "ClaimsConsole", "ClaimsConsole\ClaimsConsole.csproj", "{06249FBC-D17D-46FF-AA77-55EB675ECDE9}"
EndProject
Project("{2150E333-8FDC-42A3-9474-1A3956D46DE8}") = "2 Claims", "2 Claims", "{BD03C9CD-4D47-419B-BEE9-9779CCC67B8D}"
EndProject
Project("{FAE04EC0-301F-11D3-BF4B-00C04F79EFBC}") = "Badge Console", "Badge Console\Badge Console.csproj", "{8F4D8292-AE1E-4D59-9843-E0C573BB94AF}"
EndProject
Project("{FAE04EC0-301F-11D3-BF4B-00C04F79EFBC}") = "Badge Library", "Badge Library\Badge Library.csproj", "{B607D602-176B-4680-BBD4-2BE82F62FD2C}"
EndProject
Project("{FAE04EC0-301F-11D3-BF4B-00C04F79EFBC}") = "Badge Tests", "Badge Tests\Badge Tests.csproj", "{345C529D-70C0-4806-8BE0-A648FD86AEA0}"
EndProject
Project("{2150E333-8FDC-42A3-9474-1A3956D46DE8}") = "3 Badge", "3 Badge", "{F8E6D81F-C4D0-490A-8AE7-76CA56CB31A3}"
EndProject
Global
	GlobalSection(SolutionConfigurationPlatforms) = preSolution
		Debug|Any CPU = Debug|Any CPU
		Release|Any CPU = Release|Any CPU
	EndGlobalSection
	GlobalSection(ProjectConfigurationPlatforms) = postSolution
		{CDB001E9-8E97-41AF-B3A4-D544D7464D3B}.Debug|Any CPU.ActiveCfg = Debug|Any CPU
		{CDB001E9-8E97-41AF-B3A4-D544D7464D3B}.Debug|Any CPU.Build.0 = Debug|Any CPU
		{CDB001E9-8E97-41AF-B3A4-D544D7464D3B}.Release|Any CPU.ActiveCfg = Release|Any CPU
		{CDB001E9-8E97-41AF-B3A4-D544D7464D3B}.Release|Any CPU.Build.0 = Release|Any CPU
		{8739D518-1445-40EF-AB1C-2A8FE562018A}.Debug|Any CPU.ActiveCfg = Debug|Any CPU
		{8739D518-1445-40EF-AB1C-2A8FE562018A}.Debug|Any CPU.Build.0 = Debug|Any CPU
		{8739D518-1445-40EF-AB1C-2A8FE562018A}.Release|Any CPU.ActiveCfg = Release|Any CPU
		{8739D518-1445-40EF-AB1C-2A8FE562018A}.Release|Any CPU.Build.0 = Release|Any CPU
		{B3248BBB-53DF-42B0-801F-B827A7072C4E}.Debug|Any CPU.ActiveCfg = Debug|Any CPU
		{B3248BBB-53DF-42B0-801F-B827A7072C4E}.Debug|Any CPU.Build.0 = Debug|Any CPU
		{B3248BBB-53DF-42B0-801F-B827A7072C4E}.Release|Any CPU.ActiveCfg = Release|Any CPU
		{B3248BBB-53DF-42B0-801F-B827A7072C4E}.Release|Any CPU.Build.0 = Release|Any CPU
		{CFEEC19F-6413-4FC7-9122-396BB8250717}.Debug|Any CPU.ActiveCfg = Debug|Any CPU
		{CFEEC19F-6413-4FC7-9122-396BB8250717}.Debug|Any CPU.Build.0 = Debug|Any CPU
		{CFEEC19F-6413-4FC7-9122-396BB8250717}.Release|Any CPU.ActiveCfg = Release|Any CPU
		{CFEEC19F-6413-4FC7-9122-396BB8250717}.Release|Any CPU.Build.0 = Release|Any CPU
		{E7B421AF-27CB-45EB-B0C8-386DF5E2D2CC}.Debug|Any CPU.ActiveCfg = Debug|Any CPU
		{E7B421AF-27CB-45EB-B0C8-386DF5E2D2CC}.Debug|Any CPU.Build.0 = Debug|Any CPU
		{E7B421AF-27CB-45EB-B0C8-386DF5E2D2CC}.Release|Any CPU.ActiveCfg = Release|Any CPU
		{E7B421AF-27CB-45EB-B0C8-386DF5E2D2CC}.Release|Any CPU.Build.0 = Release|Any CPU
		{06249FBC-D17D-46FF-AA77-55EB675ECDE9}.Debug|Any CPU.ActiveCfg = Debug|Any CPU
		{06249FBC-D17D-46FF-AA77-55EB675ECDE9}.Debug|Any CPU.Build.0 = Debug|Any CPU
		{06249FBC-D17D-46FF-AA77-55EB675ECDE9}.Release|Any CPU.ActiveCfg = Release|Any CPU
		{06249FBC-D17D-46FF-AA77-55EB675ECDE9}.Release|Any CPU.Build.0 = Release|Any CPU
		{8F4D8292-AE1E-4D59-9843-E0C573BB94AF}.Debug|Any CPU.ActiveCfg = Debug|Any CPU
		{8F4D8292-AE1E-4D59-9843-E0C573BB94AF}.Debug|Any CPU.Build.0 = Debug|Any CPU
		{8F4D8292-AE1E-4D59-9843-E0C573BB94AF}.Release|Any CPU.ActiveCfg = Release|Any CPU
		{8F4D8292-AE1E-4D59-9843-E0C573BB94AF}.Release|Any CPU.Build.0 = Release|Any CPU
		{B607D602-176B-4680-BBD4-2BE82F62FD2C}.Debug|Any CPU.ActiveCfg = Debug|Any CPU
		{B607D602-176B-4680-BBD4-2BE82F62FD2C}.Debug|Any CPU.Build.0 = Debug|Any CPU
		{B607D602-176B-4680-BBD4-2BE82F62FD2C}.Release|Any CPU.ActiveCfg = Release|Any CPU
		{B607D602-176B-4680-BBD4-2BE82F62FD2C}.Release|Any CPU.Build.0 = Release|Any CPU
		{345C529D-70C0-4806-8BE0-A648FD86AEA0}.Debug|Any CPU.ActiveCfg = Debug|Any CPU
		{345C529D-70C0-4806-8BE0-A648FD86AEA0}.Debug|Any CPU.Build.0 = Debug|Any CPU
		{345C529D-70C0-4806-8BE0-A648FD86AEA0}.Release|Any CPU.ActiveCfg = Release|Any CPU
		{345C529D-70C0-4806-8BE0-A648FD86AEA0}.Release|Any CPU.Build.0 = Release|Any CPU
	EndGlobalSection
	GlobalSection(SolutionProperties) = preSolution
		HideSolutionNode = FALSE
	EndGlobalSection
	GlobalSection(NestedProjects) = preSolution
		{CDB001E9-8E97-41AF-B3A4-D544D7464D3B} = {F848517D-8923-46EF-ABBD-F0FB0E8AC1E4}
		{8739D518-1445-40EF-AB1C-2A8FE562018A} = {F848517D-8923-46EF-ABBD-F0FB0E8AC1E4}
		{B3248BBB-53DF-42B0-801F-B827A7072C4E} = {F848517D-8923-46EF-ABBD-F0FB0E8AC1E4}
		{CFEEC19F-6413-4FC7-9122-396BB8250717} = {BD03C9CD-4D47-419B-BEE9-9779CCC67B8D}
		{E7B421AF-27CB-45EB-B0C8-386DF5E2D2CC} = {BD03C9CD-4D47-419B-BEE9-9779CCC67B8D}
		{06249FBC-D17D-46FF-AA77-55EB675ECDE9} = {BD03C9CD-4D47-419B-BEE9-9779CCC67B8D}
		{8F4D8292-AE1E-4D59-9843-E0C573BB94AF} = {F8E6D81F-C4D0-490A-8AE7-76CA56CB31A3}
		{B607D602-176B-4680-BBD4-2BE82F62FD2C} = {F8E6D81F-C4D0-490A-8AE7-76CA56CB31A3}
		{345C529D-70C0-4806-8BE0-A648FD86AEA0} = {F8E6D81F-C4D0-490A-8AE7-76CA56CB31A3}
	EndGlobalSection
	GlobalSection(ExtensibilityGlobals) = postSolution
		SolutionGuid = {D2660FEA-3C63-4C83-83EF-6CB6D073879A}
	EndGlobalSection
EndGlobal
